// !$*UTF8*$!
{
	archiveVersion = 1;
	classes = {
	};
	objectVersion = 48;
	objects = {

/* Begin PBXBuildFile section */
		1DB84F2F2045CBE900C45ABF /* AppDelegate.swift in Sources */ = {isa = PBXBuildFile; fileRef = 1DB84F2E2045CBE900C45ABF /* AppDelegate.swift */; };
		1DB84F312045CBE900C45ABF /* art.scnassets in Resources */ = {isa = PBXBuildFile; fileRef = 1DB84F302045CBE900C45ABF /* art.scnassets */; };
		1DB84F332045CBE900C45ABF /* ViewController.swift in Sources */ = {isa = PBXBuildFile; fileRef = 1DB84F322045CBE900C45ABF /* ViewController.swift */; };
		1DB84F362045CBE900C45ABF /* Main.storyboard in Resources */ = {isa = PBXBuildFile; fileRef = 1DB84F342045CBE900C45ABF /* Main.storyboard */; };
		1DB84F382045CBE900C45ABF /* Assets.xcassets in Resources */ = {isa = PBXBuildFile; fileRef = 1DB84F372045CBE900C45ABF /* Assets.xcassets */; };
		1DB84F3B2045CBE900C45ABF /* LaunchScreen.storyboard in Resources */ = {isa = PBXBuildFile; fileRef = 1DB84F392045CBE900C45ABF /* LaunchScreen.storyboard */; };
/* End PBXBuildFile section */

/* Begin PBXFileReference section */
		1DB84F2B2045CBE900C45ABF /* Ramp-Up.app */ = {isa = PBXFileReference; explicitFileType = wrapper.application; includeInIndex = 0; path = "Ramp-Up.app"; sourceTree = BUILT_PRODUCTS_DIR; };
		1DB84F2E2045CBE900C45ABF /* AppDelegate.swift */ = {isa = PBXFileReference; lastKnownFileType = sourcecode.swift; path = AppDelegate.swift; sourceTree = "<group>"; };
		1DB84F302045CBE900C45ABF /* art.scnassets */ = {isa = PBXFileReference; lastKnownFileType = wrapper.scnassets; path = art.scnassets; sourceTree = "<group>"; };
		1DB84F322045CBE900C45ABF /* ViewController.swift */ = {isa = PBXFileReference; lastKnownFileType = sourcecode.swift; path = ViewController.swift; sourceTree = "<group>"; };
		1DB84F352045CBE900C45ABF /* Base */ = {isa = PBXFileReference; lastKnownFileType = file.storyboard; name = Base; path = Base.lproj/Main.storyboard; sourceTree = "<group>"; };
		1DB84F372045CBE900C45ABF /* Assets.xcassets */ = {isa = PBXFileReference; lastKnownFileType = folder.assetcatalog; path = Assets.xcassets; sourceTree = "<group>"; };
		1DB84F3A2045CBE900C45ABF /* Base */ = {isa = PBXFileReference; lastKnownFileType = file.storyboard; name = Base; path = Base.lproj/LaunchScreen.storyboard; sourceTree = "<group>"; };
		1DB84F3C2045CBE900C45ABF /* Info.plist */ = {isa = PBXFileReference; lastKnownFileType = text.plist.xml; path = Info.plist; sourceTree = "<group>"; };
/* End PBXFileReference section */

/* Begin PBXFrameworksBuildPhase section */
		1DB84F282045CBE900C45ABF /* Frameworks */ = {
			isa = PBXFrameworksBuildPhase;
			buildActionMask = 2147483647;
			files = (
			);
			runOnlyForDeploymentPostprocessing = 0;
		};
/* End PBXFrameworksBuildPhase section */

/* Begin PBXGroup section */
		1DB84F222045CBE900C45ABF = {
			isa = PBXGroup;
			children = (
				1DB84F2D2045CBE900C45ABF /* Ramp-Up */,
				1DB84F2C2045CBE900C45ABF /* Products */,
			);
			sourceTree = "<group>";
		};
		1DB84F2C2045CBE900C45ABF /* Products */ = {
			isa = PBXGroup;
			children = (
				1DB84F2B2045CBE900C45ABF /* Ramp-Up.app */,
			);
			name = Products;
			sourceTree = "<group>";
		};
		1DB84F2D2045CBE900C45ABF /* Ramp-Up */ = {
			isa = PBXGroup;
			children = (
				1DB84F2E2045CBE900C45ABF /* AppDelegate.swift */,
				1DB84F302045CBE900C45ABF /* art.scnassets */,
				1DB84F322045CBE900C45ABF /* ViewController.swift */,
				1DB84F342045CBE900C45ABF /* Main.storyboard */,
				1DB84F372045CBE900C45ABF /* Assets.xcassets */,
				1DB84F392045CBE900C45ABF /* LaunchScreen.storyboard */,
				1DB84F3C2045CBE900C45ABF /* Info.plist */,
			);
			path = "Ramp-Up";
			sourceTree = "<group>";
		};
/* End PBXGroup section */

/* Begin PBXNativeTarget section */
		1DB84F2A2045CBE900C45ABF /* Ramp-Up */ = {
			isa = PBXNativeTarget;
			buildConfigurationList = 1DB84F3F2045CBE900C45ABF /* Build configuration list for PBXNativeTarget "Ramp-Up" */;
			buildPhases = (
				1DB84F272045CBE900C45ABF /* Sources */,
				1DB84F282045CBE900C45ABF /* Frameworks */,
				1DB84F292045CBE900C45ABF /* Resources */,
			);
			buildRules = (
			);
			dependencies = (
			);
			name = "Ramp-Up";
			productName = "Ramp-Up";
			productReference = 1DB84F2B2045CBE900C45ABF /* Ramp-Up.app */;
			productType = "com.apple.product-type.application";
		};
/* End PBXNativeTarget section */

/* Begin PBXProject section */
		1DB84F232045CBE900C45ABF /* Project object */ = {
			isa = PBXProject;
			attributes = {
				LastSwiftUpdateCheck = 0920;
				LastUpgradeCheck = 0920;
				ORGANIZATIONNAME = LiniaTech;
				TargetAttributes = {
					1DB84F2A2045CBE900C45ABF = {
						CreatedOnToolsVersion = 9.2;
						ProvisioningStyle = Automatic;
					};
				};
			};
			buildConfigurationList = 1DB84F262045CBE900C45ABF /* Build configuration list for PBXProject "Ramp-Up" */;
			compatibilityVersion = "Xcode 8.0";
			developmentRegion = en;
			hasScannedForEncodings = 0;
			knownRegions = (
				en,
				Base,
			);
			mainGroup = 1DB84F222045CBE900C45ABF;
			productRefGroup = 1DB84F2C2045CBE900C45ABF /* Products */;
			projectDirPath = "";
			projectRoot = "";
			targets = (
				1DB84F2A2045CBE900C45ABF /* Ramp-Up */,
			);
		};
/* End PBXProject section */

/* Begin PBXResourcesBuildPhase section */
		1DB84F292045CBE900C45ABF /* Resources */ = {
			isa = PBXResourcesBuildPhase;
			buildActionMask = 2147483647;
			files = (
				1DB84F312045CBE900C45ABF /* art.scnassets in Resources */,
				1DB84F3B2045CBE900C45ABF /* LaunchScreen.storyboard in Resources */,
				1DB84F382045CBE900C45ABF /* Assets.xcassets in Resources */,
				1DB84F362045CBE900C45ABF /* Main.storyboard in Resources */,
			);
			runOnlyForDeploymentPostprocessing = 0;
		};
/* End PBXResourcesBuildPhase section */

/* Begin PBXSourcesBuildPhase section */
		1DB84F272045CBE900C45ABF /* Sources */ = {
			isa = PBXSourcesBuildPhase;
			buildActionMask = 2147483647;
			files = (
				1DB84F332045CBE900C45ABF /* ViewController.swift in Sources */,
				1DB84F2F2045CBE900C45ABF /* AppDelegate.swift in Sources */,
			);
			runOnlyForDeploymentPostprocessing = 0;
		};
/* End PBXSourcesBuildPhase section */

/* Begin PBXVariantGroup section */
		1DB84F342045CBE900C45ABF /* Main.storyboard */ = {
			isa = PBXVariantGroup;
			children = (
				1DB84F352045CBE900C45ABF /* Base */,
			);
			name = Main.storyboard;
			sourceTree = "<group>";
		};
		1DB84F392045CBE900C45ABF /* LaunchScreen.storyboard */ = {
			isa = PBXVariantGroup;
			children = (
				1DB84F3A2045CBE900C45ABF /* Base */,
			);
			name = LaunchScreen.storyboard;
			sourceTree = "<group>";
		};
/* End PBXVariantGroup section */

/* Begin XCBuildConfiguration section */
		1DB84F3D2045CBE900C45ABF /* Debug */ = {
			isa = XCBuildConfiguration;
			buildSettings = {
				ALWAYS_SEARCH_USER_PATHS = NO;
				CLANG_ANALYZER_NONNULL = YES;
				CLANG_ANALYZER_NUMBER_OBJECT_CONVERSION = YES_AGGRESSIVE;
				CLANG_CXX_LANGUAGE_STANDARD = "gnu++14";
				CLANG_CXX_LIBRARY = "libc++";
				CLANG_ENABLE_MODULES = YES;
				CLANG_ENABLE_OBJC_ARC = YES;
				CLANG_WARN_BLOCK_CAPTURE_AUTORELEASING = YES;
				CLANG_WARN_BOOL_CONVERSION = YES;
				CLANG_WARN_COMMA = YES;
				CLANG_WARN_CONSTANT_CONVERSION = YES;
				CLANG_WARN_DIRECT_OBJC_ISA_USAGE = YES_ERROR;
				CLANG_WARN_DOCUMENTATION_COMMENTS = YES;
				CLANG_WARN_EMPTY_BODY = YES;
				CLANG_WARN_ENUM_CONVERSION = YES;
				CLANG_WARN_INFINITE_RECURSION = YES;
				CLANG_WARN_INT_CONVERSION = YES;
				CLANG_WARN_NON_LITERAL_NULL_CONVERSION = YES;
				CLANG_WARN_OBJC_LITERAL_CONVERSION = YES;
				CLANG_WARN_OBJC_ROOT_CLASS = YES_ERROR;
				CLANG_WARN_RANGE_LOOP_ANALYSIS = YES;
				CLANG_WARN_STRICT_PROTOTYPES = YES;
				CLANG_WARN_SUSPICIOUS_MOVE = YES;
				CLANG_WARN_UNGUARDED_AVAILABILITY = YES_AGGRESSIVE;
				CLANG_WARN_UNREACHABLE_CODE = YES;
				CLANG_WARN__DUPLICATE_METHOD_MATCH = YES;
				CODE_SIGN_IDENTITY = "iPhone Developer";
				COPY_PHASE_STRIP = NO;
				DEBUG_INFORMATION_FORMAT = dwarf;
				ENABLE_STRICT_OBJC_MSGSEND = YES;
				ENABLE_TESTABILITY = YES;
				GCC_C_LANGUAGE_STANDARD = gnu11;
				GCC_DYNAMIC_NO_PIC = NO;
				GCC_NO_COMMON_BLOCKS = YES;
				GCC_OPTIMIZATION_LEVEL = 0;
				GCC_PREPROCESSOR_DEFINITIONS = (
					"DEBUG=1",
					"$(inherited)",
				);
				GCC_WARN_64_TO_32_BIT_CONVERSION = YES;
				GCC_WARN_ABOUT_RETURN_TYPE = YES_ERROR;
				GCC_WARN_UNDECLARED_SELECTOR = YES;
				GCC_WARN_UNINITIALIZED_AUTOS = YES_AGGRESSIVE;
				GCC_WARN_UNUSED_FUNCTION = YES;
				GCC_WARN_UNUSED_VARIABLE = YES;
				IPHONEOS_DEPLOYMENT_TARGET = 11.2;
				MTL_ENABLE_DEBUG_INFO = YES;
				ONLY_ACTIVE_ARCH = YES;
				SDKROOT = iphoneos;
				SWIFT_ACTIVE_COMPILATION_CONDITIONS = DEBUG;
				SWIFT_OPTIMIZATION_LEVEL = "-Onone";
			};
			name = Debug;
		};
		1DB84F3E2045CBE900C45ABF /* Release */ = {
			isa = XCBuildConfiguration;
			buildSettings = {
				ALWAYS_SEARCH_USER_PATHS = NO;
				CLANG_ANALYZER_NONNULL = YES;
				CLANG_ANALYZER_NUMBER_OBJECT_CONVERSION = YES_AGGRESSIVE;
				CLANG_CXX_LANGUAGE_STANDARD = "gnu++14";
				CLANG_CXX_LIBRARY = "libc++";
				CLANG_ENABLE_MODULES = YES;
				CLANG_ENABLE_OBJC_ARC = YES;
				CLANG_WARN_BLOCK_CAPTURE_AUTORELEASING = YES;
				CLANG_WARN_BOOL_CONVERSION = YES;
				CLANG_WARN_COMMA = YES;
				CLANG_WARN_CONSTANT_CONVERSION = YES;
				CLANG_WARN_DIRECT_OBJC_ISA_USAGE = YES_ERROR;
				CLANG_WARN_DOCUMENTATION_COMMENTS = YES;
				CLANG_WARN_EMPTY_BODY = YES;
				CLANG_WARN_ENUM_CONVERSION = YES;
				CLANG_WARN_INFINITE_RECURSION = YES;
				CLANG_WARN_INT_CONVERSION = YES;
				CLANG_WARN_NON_LITERAL_NULL_CONVERSION = YES;
				CLANG_WARN_OBJC_LITERAL_CONVERSION = YES;
				CLANG_WARN_OBJC_ROOT_CLASS = YES_ERROR;
				CLANG_WARN_RANGE_LOOP_ANALYSIS = YES;
				CLANG_WARN_STRICT_PROTOTYPES = YES;
				CLANG_WARN_SUSPICIOUS_MOVE = YES;
				CLANG_WARN_UNGUARDED_AVAILABILITY = YES_AGGRESSIVE;
				CLANG_WARN_UNREACHABLE_CODE = YES;
				CLANG_WARN__DUPLICATE_METHOD_MATCH = YES;
				CODE_SIGN_IDENTITY = "iPhone Developer";
				COPY_PHASE_STRIP = NO;
				DEBUG_INFORMATION_FORMAT = "dwarf-with-dsym";
				ENABLE_NS_ASSERTIONS = NO;
				ENABLE_STRICT_OBJC_MSGSEND = YES;
				GCC_C_LANGUAGE_STANDARD = gnu11;
				GCC_NO_COMMON_BLOCKS = YES;
				GCC_WARN_64_TO_32_BIT_CONVERSION = YES;
				GCC_WARN_ABOUT_RETURN_TYPE = YES_ERROR;
				GCC_WARN_UNDECLARED_SELECTOR = YES;
				GCC_WARN_UNINITIALIZED_AUTOS = YES_AGGRESSIVE;
				GCC_WARN_UNUSED_FUNCTION = YES;
				GCC_WARN_UNUSED_VARIABLE = YES;
				IPHONEOS_DEPLOYMENT_TARGET = 11.2;
				MTL_ENABLE_DEBUG_INFO = NO;
				SDKROOT = iphoneos;
				SWIFT_OPTIMIZATION_LEVEL = "-Owholemodule";
				VALIDATE_PRODUCT = YES;
			};
			name = Release;
		};
		1DB84F402045CBE900C45ABF /* Debug */ = {
			isa = XCBuildConfiguration;
			buildSettings = {
				ASSETCATALOG_COMPILER_APPICON_NAME = AppIcon;
				CODE_SIGN_STYLE = Automatic;
				DEVELOPMENT_TEAM = FXPSE4XM9X;
				INFOPLIST_FILE = "Ramp-Up/Info.plist";
				LD_RUNPATH_SEARCH_PATHS = "$(inherited) @executable_path/Frameworks";
				PRODUCT_BUNDLE_IDENTIFIER = "com.LiniaTech.Ramp-Up";
				PRODUCT_NAME = "$(TARGET_NAME)";
				SWIFT_VERSION = 4.0;
				TARGETED_DEVICE_FAMILY = "1,2";
			};
			name = Debug;
		};
		1DB84F412045CBE900C45ABF /* Release */ = {
			isa = XCBuildConfiguration;
			buildSettings = {
				ASSETCATALOG_COMPILER_APPICON_NAME = AppIcon;
				CODE_SIGN_STYLE = Automatic;
				DEVELOPMENT_TEAM = FXPSE4XM9X;
				INFOPLIST_FILE = "Ramp-Up/Info.plist";
				LD_RUNPATH_SEARCH_PATHS = "$(inherited) @executable_path/Frameworks";
				PRODUCT_BUNDLE_IDENTIFIER = "com.LiniaTech.Ramp-Up";
				PRODUCT_NAME = "$(TARGET_NAME)";
				SWIFT_VERSION = 4.0;
				TARGETED_DEVICE_FAMILY = "1,2";
			};
			name = Release;
		};
/* End XCBuildConfiguration section */

/* Begin XCConfigurationList section */
		1DB84F262045CBE900C45ABF /* Build configuration list for PBXProject "Ramp-Up" */ = {
			isa = XCConfigurationList;
			buildConfigurations = (
				1DB84F3D2045CBE900C45ABF /* Debug */,
				1DB84F3E2045CBE900C45ABF /* Release */,
			);
			defaultConfigurationIsVisible = 0;
			defaultConfigurationName = Release;
		};
		1DB84F3F2045CBE900C45ABF /* Build configuration list for PBXNativeTarget "Ramp-Up" */ = {
			isa = XCConfigurationList;
			buildConfigurations = (
				1DB84F402045CBE900C45ABF /* Debug */,
				1DB84F412045CBE900C45ABF /* Release */,
			);
			defaultConfigurationIsVisible = 0;
			defaultConfigurationName = Release;
		};
/* End XCConfigurationList section */
	};
	rootObject = 1DB84F232045CBE900C45ABF /* Project object */;
}
